
Microsoft Visual Studio Solution File, Format Version 12.00
# Visual Studio 14
VisualStudioVersion = 14.0.25420.1
MinimumVisualStudioVersion = 10.0.40219.1
Project("{FAE04EC0-301F-11D3-BF4B-00C04F79EFBC}") = "EVECharPriceCheck", "EVECharPriceCheck\EVECharPriceCheck.csproj", "{F31EA563-DAEF-4583-A03C-9942FBC1B185}"
EndProject
Project("{54435603-DBB4-11D2-8724-00A0C9A8B90C}") = "EVECharPriceCheck_setup", "EVECharPriceCheck_setup\EVECharPriceCheck_setup.vdproj", "{70117552-6286-483F-9F3C-15186B94CB4D}"
EndProject
Global
	GlobalSection(SolutionConfigurationPlatforms) = preSolution
		Debug|Any CPU = Debug|Any CPU
		Release|Any CPU = Release|Any CPU
	EndGlobalSection
	GlobalSection(ProjectConfigurationPlatforms) = postSolution
		{F31EA563-DAEF-4583-A03C-9942FBC1B185}.Debug|Any CPU.ActiveCfg = Debug|Any CPU
		{F31EA563-DAEF-4583-A03C-9942FBC1B185}.Debug|Any CPU.Build.0 = Debug|Any CPU
		{F31EA563-DAEF-4583-A03C-9942FBC1B185}.Release|Any CPU.ActiveCfg = Release|Any CPU
		{F31EA563-DAEF-4583-A03C-9942FBC1B185}.Release|Any CPU.Build.0 = Release|Any CPU
		{70117552-6286-483F-9F3C-15186B94CB4D}.Debug|Any CPU.ActiveCfg = Debug
		{70117552-6286-483F-9F3C-15186B94CB4D}.Release|Any CPU.ActiveCfg = Release
	EndGlobalSection
	GlobalSection(SolutionProperties) = preSolution
		HideSolutionNode = FALSE
	EndGlobalSection
EndGlobal
